
Microsoft Visual Studio Solution File, Format Version 12.00
# Visual Studio Version 17
VisualStudioVersion = 17.5.002.0
MinimumVisualStudioVersion = 10.0.40219.1
Project("{9A19103F-16F7-4668-BE54-9A1E7A4F7556}") = "DesafioFundamentos1", "DesafioFundamentos1.csproj", "{7B2ACE68-D792-472C-AE3F-11BEBB0BEAEC}"
EndProject
Global
	GlobalSection(SolutionConfigurationPlatforms) = preSolution
		Debug|Any CPU = Debug|Any CPU
		Release|Any CPU = Release|Any CPU
	EndGlobalSection
	GlobalSection(ProjectConfigurationPlatforms) = postSolution
		{7B2ACE68-D792-472C-AE3F-11BEBB0BEAEC}.Debug|Any CPU.ActiveCfg = Debug|Any CPU
		{7B2ACE68-D792-472C-AE3F-11BEBB0BEAEC}.Debug|Any CPU.Build.0 = Debug|Any CPU
		{7B2ACE68-D792-472C-AE3F-11BEBB0BEAEC}.Release|Any CPU.ActiveCfg = Release|Any CPU
		{7B2ACE68-D792-472C-AE3F-11BEBB0BEAEC}.Release|Any CPU.Build.0 = Release|Any CPU
	EndGlobalSection
	GlobalSection(SolutionProperties) = preSolution
		HideSolutionNode = FALSE
	EndGlobalSection
	GlobalSection(ExtensibilityGlobals) = postSolution
		SolutionGuid = {C44CBBEE-3FE2-4FF8-B96C-E2479DF967B8}
	EndGlobalSection
EndGlobal
